// !$*UTF8*$!
{
	archiveVersion = 1;
	classes = {
	};
	objectVersion = 50;
	objects = {

/* Begin PBXBuildFile section */
		310B4E802632F34D0008FFE1 /* ColorsExtension.swift in Sources */ = {isa = PBXBuildFile; fileRef = 310B4E7F2632F34D0008FFE1 /* ColorsExtension.swift */; };
		313441062632E90700A22FFF /* alertravelApp.swift in Sources */ = {isa = PBXBuildFile; fileRef = 313441052632E90700A22FFF /* alertravelApp.swift */; };
		313441082632E90700A22FFF /* DashboardView.swift in Sources */ = {isa = PBXBuildFile; fileRef = 313441072632E90700A22FFF /* DashboardView.swift */; };
		3134410A2632E90800A22FFF /* Assets.xcassets in Resources */ = {isa = PBXBuildFile; fileRef = 313441092632E90800A22FFF /* Assets.xcassets */; };
		3134410D2632E90800A22FFF /* Preview Assets.xcassets in Resources */ = {isa = PBXBuildFile; fileRef = 3134410C2632E90800A22FFF /* Preview Assets.xcassets */; };
		313441172632EBDE00A22FFF /* JourneyView.swift in Sources */ = {isa = PBXBuildFile; fileRef = 313441162632EBDE00A22FFF /* JourneyView.swift */; };
		3134411C2632EC1E00A22FFF /* JourneyViewModel.swift in Sources */ = {isa = PBXBuildFile; fileRef = 3134411B2632EC1E00A22FFF /* JourneyViewModel.swift */; };
		3134411F2632EC2A00A22FFF /* JourneyModel.swift in Sources */ = {isa = PBXBuildFile; fileRef = 3134411E2632EC2A00A22FFF /* JourneyModel.swift */; };
		31F6BEFC263320920055C480 /* NewJourneyView.swift in Sources */ = {isa = PBXBuildFile; fileRef = 31F6BEFB263320920055C480 /* NewJourneyView.swift */; };
		31F6BF002633209D0055C480 /* NewJourneyViewModel.swift in Sources */ = {isa = PBXBuildFile; fileRef = 31F6BEFF2633209D0055C480 /* NewJourneyViewModel.swift */; };
		31F6BF04263589080055C480 /* LocationManager.swift in Sources */ = {isa = PBXBuildFile; fileRef = 31F6BF03263589070055C480 /* LocationManager.swift */; };
/* End PBXBuildFile section */

/* Begin PBXFileReference section */
		310B4E7F2632F34D0008FFE1 /* ColorsExtension.swift */ = {isa = PBXFileReference; lastKnownFileType = sourcecode.swift; path = ColorsExtension.swift; sourceTree = "<group>"; };
		313441022632E90700A22FFF /* alertravel.app */ = {isa = PBXFileReference; explicitFileType = wrapper.application; includeInIndex = 0; path = alertravel.app; sourceTree = BUILT_PRODUCTS_DIR; };
		313441052632E90700A22FFF /* alertravelApp.swift */ = {isa = PBXFileReference; lastKnownFileType = sourcecode.swift; path = alertravelApp.swift; sourceTree = "<group>"; };
		313441072632E90700A22FFF /* DashboardView.swift */ = {isa = PBXFileReference; lastKnownFileType = sourcecode.swift; path = DashboardView.swift; sourceTree = "<group>"; };
		313441092632E90800A22FFF /* Assets.xcassets */ = {isa = PBXFileReference; lastKnownFileType = folder.assetcatalog; path = Assets.xcassets; sourceTree = "<group>"; };
		3134410C2632E90800A22FFF /* Preview Assets.xcassets */ = {isa = PBXFileReference; lastKnownFileType = folder.assetcatalog; path = "Preview Assets.xcassets"; sourceTree = "<group>"; };
		3134410E2632E90800A22FFF /* Info.plist */ = {isa = PBXFileReference; lastKnownFileType = text.plist.xml; path = Info.plist; sourceTree = "<group>"; };
		313441162632EBDE00A22FFF /* JourneyView.swift */ = {isa = PBXFileReference; lastKnownFileType = sourcecode.swift; path = JourneyView.swift; sourceTree = "<group>"; };
		3134411B2632EC1E00A22FFF /* JourneyViewModel.swift */ = {isa = PBXFileReference; lastKnownFileType = sourcecode.swift; path = JourneyViewModel.swift; sourceTree = "<group>"; };
		3134411E2632EC2A00A22FFF /* JourneyModel.swift */ = {isa = PBXFileReference; lastKnownFileType = sourcecode.swift; path = JourneyModel.swift; sourceTree = "<group>"; };
		31F6BEFB263320920055C480 /* NewJourneyView.swift */ = {isa = PBXFileReference; lastKnownFileType = sourcecode.swift; path = NewJourneyView.swift; sourceTree = "<group>"; };
		31F6BEFF2633209D0055C480 /* NewJourneyViewModel.swift */ = {isa = PBXFileReference; lastKnownFileType = sourcecode.swift; path = NewJourneyViewModel.swift; sourceTree = "<group>"; };
		31F6BF03263589070055C480 /* LocationManager.swift */ = {isa = PBXFileReference; lastKnownFileType = sourcecode.swift; path = LocationManager.swift; sourceTree = "<group>"; };
/* End PBXFileReference section */

/* Begin PBXFrameworksBuildPhase section */
		313440FF2632E90700A22FFF /* Frameworks */ = {
			isa = PBXFrameworksBuildPhase;
			buildActionMask = 2147483647;
			files = (
			);
			runOnlyForDeploymentPostprocessing = 0;
		};
/* End PBXFrameworksBuildPhase section */

/* Begin PBXGroup section */
		310B4E7E2632F3440008FFE1 /* Utils */ = {
			isa = PBXGroup;
			children = (
				310B4E7F2632F34D0008FFE1 /* ColorsExtension.swift */,
			);
			path = Utils;
			sourceTree = "<group>";
		};
		313440F92632E90700A22FFF = {
			isa = PBXGroup;
			children = (
				313441042632E90700A22FFF /* alertravel */,
				313441032632E90700A22FFF /* Products */,
			);
			sourceTree = "<group>";
		};
		313441032632E90700A22FFF /* Products */ = {
			isa = PBXGroup;
			children = (
				313441022632E90700A22FFF /* alertravel.app */,
			);
			name = Products;
			sourceTree = "<group>";
		};
		313441042632E90700A22FFF /* alertravel */ = {
			isa = PBXGroup;
			children = (
				31F6BEFA2633207F0055C480 /* NewJourney */,
				310B4E7E2632F3440008FFE1 /* Utils */,
				313441152632EBB500A22FFF /* Journey */,
				313441052632E90700A22FFF /* alertravelApp.swift */,
				313441072632E90700A22FFF /* DashboardView.swift */,
				313441092632E90800A22FFF /* Assets.xcassets */,
				3134410E2632E90800A22FFF /* Info.plist */,
				3134410B2632E90800A22FFF /* Preview Content */,
				31F6BF03263589070055C480 /* LocationManager.swift */,
			);
			path = alertravel;
			sourceTree = "<group>";
		};
		3134410B2632E90800A22FFF /* Preview Content */ = {
			isa = PBXGroup;
			children = (
				3134410C2632E90800A22FFF /* Preview Assets.xcassets */,
			);
			path = "Preview Content";
			sourceTree = "<group>";
		};
		313441152632EBB500A22FFF /* Journey */ = {
			isa = PBXGroup;
			children = (
				313441162632EBDE00A22FFF /* JourneyView.swift */,
				3134411B2632EC1E00A22FFF /* JourneyViewModel.swift */,
				3134411E2632EC2A00A22FFF /* JourneyModel.swift */,
			);
			path = Journey;
			sourceTree = "<group>";
		};
		31F6BEFA2633207F0055C480 /* NewJourney */ = {
			isa = PBXGroup;
			children = (
				31F6BEFB263320920055C480 /* NewJourneyView.swift */,
				31F6BEFF2633209D0055C480 /* NewJourneyViewModel.swift */,
			);
			path = NewJourney;
			sourceTree = "<group>";
		};
/* End PBXGroup section */

/* Begin PBXNativeTarget section */
		313441012632E90700A22FFF /* alertravel */ = {
			isa = PBXNativeTarget;
			buildConfigurationList = 313441112632E90800A22FFF /* Build configuration list for PBXNativeTarget "alertravel" */;
			buildPhases = (
				313440FE2632E90700A22FFF /* Sources */,
				313440FF2632E90700A22FFF /* Frameworks */,
				313441002632E90700A22FFF /* Resources */,
			);
			buildRules = (
			);
			dependencies = (
			);
			name = alertravel;
			productName = alertravel;
			productReference = 313441022632E90700A22FFF /* alertravel.app */;
			productType = "com.apple.product-type.application";
		};
/* End PBXNativeTarget section */

/* Begin PBXProject section */
		313440FA2632E90700A22FFF /* Project object */ = {
			isa = PBXProject;
			attributes = {
				LastSwiftUpdateCheck = 1240;
				LastUpgradeCheck = 1240;
				TargetAttributes = {
					313441012632E90700A22FFF = {
						CreatedOnToolsVersion = 12.4;
					};
				};
			};
			buildConfigurationList = 313440FD2632E90700A22FFF /* Build configuration list for PBXProject "alertravel" */;
			compatibilityVersion = "Xcode 9.3";
			developmentRegion = en;
			hasScannedForEncodings = 0;
			knownRegions = (
				en,
				Base,
			);
			mainGroup = 313440F92632E90700A22FFF;
			productRefGroup = 313441032632E90700A22FFF /* Products */;
			projectDirPath = "";
			projectRoot = "";
			targets = (
				313441012632E90700A22FFF /* alertravel */,
			);
		};
/* End PBXProject section */

/* Begin PBXResourcesBuildPhase section */
		313441002632E90700A22FFF /* Resources */ = {
			isa = PBXResourcesBuildPhase;
			buildActionMask = 2147483647;
			files = (
				3134410D2632E90800A22FFF /* Preview Assets.xcassets in Resources */,
				3134410A2632E90800A22FFF /* Assets.xcassets in Resources */,
			);
			runOnlyForDeploymentPostprocessing = 0;
		};
/* End PBXResourcesBuildPhase section */

/* Begin PBXSourcesBuildPhase section */
		313440FE2632E90700A22FFF /* Sources */ = {
			isa = PBXSourcesBuildPhase;
			buildActionMask = 2147483647;
			files = (
				313441172632EBDE00A22FFF /* JourneyView.swift in Sources */,
				310B4E802632F34D0008FFE1 /* ColorsExtension.swift in Sources */,
				3134411F2632EC2A00A22FFF /* JourneyModel.swift in Sources */,
				3134411C2632EC1E00A22FFF /* JourneyViewModel.swift in Sources */,
				313441082632E90700A22FFF /* DashboardView.swift in Sources */,
				31F6BEFC263320920055C480 /* NewJourneyView.swift in Sources */,
				31F6BF002633209D0055C480 /* NewJourneyViewModel.swift in Sources */,
				313441062632E90700A22FFF /* alertravelApp.swift in Sources */,
				31F6BF04263589080055C480 /* LocationManager.swift in Sources */,
			);
			runOnlyForDeploymentPostprocessing = 0;
		};
/* End PBXSourcesBuildPhase section */

/* Begin XCBuildConfiguration section */
		3134410F2632E90800A22FFF /* Debug */ = {
			isa = XCBuildConfiguration;
			buildSettings = {
				ALWAYS_SEARCH_USER_PATHS = NO;
				CLANG_ANALYZER_NONNULL = YES;
				CLANG_ANALYZER_NUMBER_OBJECT_CONVERSION = YES_AGGRESSIVE;
				CLANG_CXX_LANGUAGE_STANDARD = "gnu++14";
				CLANG_CXX_LIBRARY = "libc++";
				CLANG_ENABLE_MODULES = YES;
				CLANG_ENABLE_OBJC_ARC = YES;
				CLANG_ENABLE_OBJC_WEAK = YES;
				CLANG_WARN_BLOCK_CAPTURE_AUTORELEASING = YES;
				CLANG_WARN_BOOL_CONVERSION = YES;
				CLANG_WARN_COMMA = YES;
				CLANG_WARN_CONSTANT_CONVERSION = YES;
				CLANG_WARN_DEPRECATED_OBJC_IMPLEMENTATIONS = YES;
				CLANG_WARN_DIRECT_OBJC_ISA_USAGE = YES_ERROR;
				CLANG_WARN_DOCUMENTATION_COMMENTS = YES;
				CLANG_WARN_EMPTY_BODY = YES;
				CLANG_WARN_ENUM_CONVERSION = YES;
				CLANG_WARN_INFINITE_RECURSION = YES;
				CLANG_WARN_INT_CONVERSION = YES;
				CLANG_WARN_NON_LITERAL_NULL_CONVERSION = YES;
				CLANG_WARN_OBJC_IMPLICIT_RETAIN_SELF = YES;
				CLANG_WARN_OBJC_LITERAL_CONVERSION = YES;
				CLANG_WARN_OBJC_ROOT_CLASS = YES_ERROR;
				CLANG_WARN_QUOTED_INCLUDE_IN_FRAMEWORK_HEADER = YES;
				CLANG_WARN_RANGE_LOOP_ANALYSIS = YES;
				CLANG_WARN_STRICT_PROTOTYPES = YES;
				CLANG_WARN_SUSPICIOUS_MOVE = YES;
				CLANG_WARN_UNGUARDED_AVAILABILITY = YES_AGGRESSIVE;
				CLANG_WARN_UNREACHABLE_CODE = YES;
				CLANG_WARN__DUPLICATE_METHOD_MATCH = YES;
				COPY_PHASE_STRIP = NO;
				DEBUG_INFORMATION_FORMAT = dwarf;
				ENABLE_STRICT_OBJC_MSGSEND = YES;
				ENABLE_TESTABILITY = YES;
				GCC_C_LANGUAGE_STANDARD = gnu11;
				GCC_DYNAMIC_NO_PIC = NO;
				GCC_NO_COMMON_BLOCKS = YES;
				GCC_OPTIMIZATION_LEVEL = 0;
				GCC_PREPROCESSOR_DEFINITIONS = (
					"DEBUG=1",
					"$(inherited)",
				);
				GCC_WARN_64_TO_32_BIT_CONVERSION = YES;
				GCC_WARN_ABOUT_RETURN_TYPE = YES_ERROR;
				GCC_WARN_UNDECLARED_SELECTOR = YES;
				GCC_WARN_UNINITIALIZED_AUTOS = YES_AGGRESSIVE;
				GCC_WARN_UNUSED_FUNCTION = YES;
				GCC_WARN_UNUSED_VARIABLE = YES;
				IPHONEOS_DEPLOYMENT_TARGET = 14.4;
				MTL_ENABLE_DEBUG_INFO = INCLUDE_SOURCE;
				MTL_FAST_MATH = YES;
				ONLY_ACTIVE_ARCH = YES;
				SDKROOT = iphoneos;
				SWIFT_ACTIVE_COMPILATION_CONDITIONS = DEBUG;
				SWIFT_OPTIMIZATION_LEVEL = "-Onone";
			};
			name = Debug;
		};
		313441102632E90800A22FFF /* Release */ = {
			isa = XCBuildConfiguration;
			buildSettings = {
				ALWAYS_SEARCH_USER_PATHS = NO;
				CLANG_ANALYZER_NONNULL = YES;
				CLANG_ANALYZER_NUMBER_OBJECT_CONVERSION = YES_AGGRESSIVE;
				CLANG_CXX_LANGUAGE_STANDARD = "gnu++14";
				CLANG_CXX_LIBRARY = "libc++";
				CLANG_ENABLE_MODULES = YES;
				CLANG_ENABLE_OBJC_ARC = YES;
				CLANG_ENABLE_OBJC_WEAK = YES;
				CLANG_WARN_BLOCK_CAPTURE_AUTORELEASING = YES;
				CLANG_WARN_BOOL_CONVERSION = YES;
				CLANG_WARN_COMMA = YES;
				CLANG_WARN_CONSTANT_CONVERSION = YES;
				CLANG_WARN_DEPRECATED_OBJC_IMPLEMENTATIONS = YES;
				CLANG_WARN_DIRECT_OBJC_ISA_USAGE = YES_ERROR;
				CLANG_WARN_DOCUMENTATION_COMMENTS = YES;
				CLANG_WARN_EMPTY_BODY = YES;
				CLANG_WARN_ENUM_CONVERSION = YES;
				CLANG_WARN_INFINITE_RECURSION = YES;
				CLANG_WARN_INT_CONVERSION = YES;
				CLANG_WARN_NON_LITERAL_NULL_CONVERSION = YES;
				CLANG_WARN_OBJC_IMPLICIT_RETAIN_SELF = YES;
				CLANG_WARN_OBJC_LITERAL_CONVERSION = YES;
				CLANG_WARN_OBJC_ROOT_CLASS = YES_ERROR;
				CLANG_WARN_QUOTED_INCLUDE_IN_FRAMEWORK_HEADER = YES;
				CLANG_WARN_RANGE_LOOP_ANALYSIS = YES;
				CLANG_WARN_STRICT_PROTOTYPES = YES;
				CLANG_WARN_SUSPICIOUS_MOVE = YES;
				CLANG_WARN_UNGUARDED_AVAILABILITY = YES_AGGRESSIVE;
				CLANG_WARN_UNREACHABLE_CODE = YES;
				CLANG_WARN__DUPLICATE_METHOD_MATCH = YES;
				COPY_PHASE_STRIP = NO;
				DEBUG_INFORMATION_FORMAT = "dwarf-with-dsym";
				ENABLE_NS_ASSERTIONS = NO;
				ENABLE_STRICT_OBJC_MSGSEND = YES;
				GCC_C_LANGUAGE_STANDARD = gnu11;
				GCC_NO_COMMON_BLOCKS = YES;
				GCC_WARN_64_TO_32_BIT_CONVERSION = YES;
				GCC_WARN_ABOUT_RETURN_TYPE = YES_ERROR;
				GCC_WARN_UNDECLARED_SELECTOR = YES;
				GCC_WARN_UNINITIALIZED_AUTOS = YES_AGGRESSIVE;
				GCC_WARN_UNUSED_FUNCTION = YES;
				GCC_WARN_UNUSED_VARIABLE = YES;
				IPHONEOS_DEPLOYMENT_TARGET = 14.4;
				MTL_ENABLE_DEBUG_INFO = NO;
				MTL_FAST_MATH = YES;
				SDKROOT = iphoneos;
				SWIFT_COMPILATION_MODE = wholemodule;
				SWIFT_OPTIMIZATION_LEVEL = "-O";
				VALIDATE_PRODUCT = YES;
			};
			name = Release;
		};
		313441122632E90800A22FFF /* Debug */ = {
			isa = XCBuildConfiguration;
			buildSettings = {
				ASSETCATALOG_COMPILER_APPICON_NAME = AppIcon;
				ASSETCATALOG_COMPILER_GLOBAL_ACCENT_COLOR_NAME = AccentColor;
				CODE_SIGN_STYLE = Automatic;
				DEVELOPMENT_ASSET_PATHS = "\"alertravel/Preview Content\"";
				DEVELOPMENT_TEAM = RQ999C52C5;
				ENABLE_PREVIEWS = YES;
				INFOPLIST_FILE = alertravel/Info.plist;
				IPHONEOS_DEPLOYMENT_TARGET = 14.0;
				LD_RUNPATH_SEARCH_PATHS = (
					"$(inherited)",
					"@executable_path/Frameworks",
				);
				PRODUCT_BUNDLE_IDENTIFIER = com.tangerinecoder.alertravel;
				PRODUCT_NAME = "$(TARGET_NAME)";
				SWIFT_VERSION = 5.0;
				TARGETED_DEVICE_FAMILY = "1,2";
			};
			name = Debug;
		};
		313441132632E90800A22FFF /* Release */ = {
			isa = XCBuildConfiguration;
			buildSettings = {
				ASSETCATALOG_COMPILER_APPICON_NAME = AppIcon;
				ASSETCATALOG_COMPILER_GLOBAL_ACCENT_COLOR_NAME = AccentColor;
				CODE_SIGN_STYLE = Automatic;
				DEVELOPMENT_ASSET_PATHS = "\"alertravel/Preview Content\"";
				DEVELOPMENT_TEAM = RQ999C52C5;
				ENABLE_PREVIEWS = YES;
				INFOPLIST_FILE = alertravel/Info.plist;
				IPHONEOS_DEPLOYMENT_TARGET = 14.0;
				LD_RUNPATH_SEARCH_PATHS = (
					"$(inherited)",
					"@executable_path/Frameworks",
				);
				PRODUCT_BUNDLE_IDENTIFIER = com.tangerinecoder.alertravel;
				PRODUCT_NAME = "$(TARGET_NAME)";
				SWIFT_VERSION = 5.0;
				TARGETED_DEVICE_FAMILY = "1,2";
			};
			name = Release;
		};
/* End XCBuildConfiguration section */

/* Begin XCConfigurationList section */
		313440FD2632E90700A22FFF /* Build configuration list for PBXProject "alertravel" */ = {
			isa = XCConfigurationList;
			buildConfigurations = (
				3134410F2632E90800A22FFF /* Debug */,
				313441102632E90800A22FFF /* Release */,
			);
			defaultConfigurationIsVisible = 0;
			defaultConfigurationName = Release;
		};
		313441112632E90800A22FFF /* Build configuration list for PBXNativeTarget "alertravel" */ = {
			isa = XCConfigurationList;
			buildConfigurations = (
				313441122632E90800A22FFF /* Debug */,
				313441132632E90800A22FFF /* Release */,
			);
			defaultConfigurationIsVisible = 0;
			defaultConfigurationName = Release;
		};
/* End XCConfigurationList section */
	};
	rootObject = 313440FA2632E90700A22FFF /* Project object */;
}
